
Microsoft Visual Studio Solution File, Format Version 12.00
# Visual Studio Version 16
VisualStudioVersion = 16.0.34114.132
MinimumVisualStudioVersion = 10.0.40219.1
Project("{FAE04EC0-301F-11D3-BF4B-00C04F79EFBC}") = "InvoiceManager", "InvoiceManager\InvoiceManager.csproj", "{E40B9A16-577F-4F0A-A772-804A49B54480}"
EndProject
Global
	GlobalSection(SolutionConfigurationPlatforms) = preSolution
		Debug|Any CPU = Debug|Any CPU
		Release|Any CPU = Release|Any CPU
	EndGlobalSection
	GlobalSection(ProjectConfigurationPlatforms) = postSolution
		{E40B9A16-577F-4F0A-A772-804A49B54480}.Debug|Any CPU.ActiveCfg = Debug|Any CPU
		{E40B9A16-577F-4F0A-A772-804A49B54480}.Debug|Any CPU.Build.0 = Debug|Any CPU
		{E40B9A16-577F-4F0A-A772-804A49B54480}.Release|Any CPU.ActiveCfg = Release|Any CPU
		{E40B9A16-577F-4F0A-A772-804A49B54480}.Release|Any CPU.Build.0 = Release|Any CPU
	EndGlobalSection
	GlobalSection(SolutionProperties) = preSolution
		HideSolutionNode = FALSE
	EndGlobalSection
	GlobalSection(ExtensibilityGlobals) = postSolution
		SolutionGuid = {78D5654E-1A91-4EB2-BE4E-E8B8F93C4604}
	EndGlobalSection
EndGlobal
